
Microsoft Visual Studio Solution File, Format Version 12.00
# Visual Studio Version 17
VisualStudioVersion = 17.0.32112.339
MinimumVisualStudioVersion = 10.0.40219.1
Project("{8BC9CEB8-8B4A-11D0-8D11-00A0C91BC942}") = "BinLatticeStoppingTree", "BinLatticeStoppingTree\BinLatticeStoppingTree.vcxproj", "{28A42D55-E5FB-440D-B05D-0887C627DBC8}"
EndProject
Global
	GlobalSection(SolutionConfigurationPlatforms) = preSolution
		Debug|x64 = Debug|x64
		Debug|x86 = Debug|x86
		Release|x64 = Release|x64
		Release|x86 = Release|x86
	EndGlobalSection
	GlobalSection(ProjectConfigurationPlatforms) = postSolution
		{28A42D55-E5FB-440D-B05D-0887C627DBC8}.Debug|x64.ActiveCfg = Debug|x64
		{28A42D55-E5FB-440D-B05D-0887C627DBC8}.Debug|x64.Build.0 = Debug|x64
		{28A42D55-E5FB-440D-B05D-0887C627DBC8}.Debug|x86.ActiveCfg = Debug|Win32
		{28A42D55-E5FB-440D-B05D-0887C627DBC8}.Debug|x86.Build.0 = Debug|Win32
		{28A42D55-E5FB-440D-B05D-0887C627DBC8}.Release|x64.ActiveCfg = Release|x64
		{28A42D55-E5FB-440D-B05D-0887C627DBC8}.Release|x64.Build.0 = Release|x64
		{28A42D55-E5FB-440D-B05D-0887C627DBC8}.Release|x86.ActiveCfg = Release|Win32
		{28A42D55-E5FB-440D-B05D-0887C627DBC8}.Release|x86.Build.0 = Release|Win32
	EndGlobalSection
	GlobalSection(SolutionProperties) = preSolution
		HideSolutionNode = FALSE
	EndGlobalSection
	GlobalSection(ExtensibilityGlobals) = postSolution
		SolutionGuid = {DD24BA3A-E0A7-4369-A48E-66967059A814}
	EndGlobalSection
EndGlobal
